
Microsoft Visual Studio Solution File, Format Version 12.00
# Visual Studio Version 17
VisualStudioVersion = 17.10.35013.160
MinimumVisualStudioVersion = 10.0.40219.1
Project("{FAE04EC0-301F-11D3-BF4B-00C04F79EFBC}") = "30506478_EPOS", "30506478_EPOS.csproj", "{481DB5FD-47B7-437F-AD18-58452E0C7F1B}"
EndProject
Global
	GlobalSection(SolutionConfigurationPlatforms) = preSolution
		Debug|Any CPU = Debug|Any CPU
		Release|Any CPU = Release|Any CPU
	EndGlobalSection
	GlobalSection(ProjectConfigurationPlatforms) = postSolution
		{481DB5FD-47B7-437F-AD18-58452E0C7F1B}.Debug|Any CPU.ActiveCfg = Debug|Any CPU
		{481DB5FD-47B7-437F-AD18-58452E0C7F1B}.Debug|Any CPU.Build.0 = Debug|Any CPU
		{481DB5FD-47B7-437F-AD18-58452E0C7F1B}.Release|Any CPU.ActiveCfg = Release|Any CPU
		{481DB5FD-47B7-437F-AD18-58452E0C7F1B}.Release|Any CPU.Build.0 = Release|Any CPU
	EndGlobalSection
	GlobalSection(SolutionProperties) = preSolution
		HideSolutionNode = FALSE
	EndGlobalSection
	GlobalSection(ExtensibilityGlobals) = postSolution
		SolutionGuid = {7F8A164D-048E-4E94-B5D2-D4D1A00FB955}
	EndGlobalSection
EndGlobal
